
Microsoft Visual Studio Solution File, Format Version 12.00
# Visual Studio Version 17
VisualStudioVersion = 17.0.31903.59
MinimumVisualStudioVersion = 10.0.40219.1
Project("{FAE04EC0-301F-11D3-BF4B-00C04F79EFBC}") = "todo-mvc-application", "todo-mvc-application\todo-mvc-application.csproj", "{4A7A5175-ABD7-47E0-911B-9E3D42CB15EE}"
EndProject
Global
	GlobalSection(SolutionConfigurationPlatforms) = preSolution
		Debug|Any CPU = Debug|Any CPU
		Release|Any CPU = Release|Any CPU
	EndGlobalSection
	GlobalSection(SolutionProperties) = preSolution
		HideSolutionNode = FALSE
	EndGlobalSection
	GlobalSection(ProjectConfigurationPlatforms) = postSolution
		{4A7A5175-ABD7-47E0-911B-9E3D42CB15EE}.Debug|Any CPU.ActiveCfg = Debug|Any CPU
		{4A7A5175-ABD7-47E0-911B-9E3D42CB15EE}.Debug|Any CPU.Build.0 = Debug|Any CPU
		{4A7A5175-ABD7-47E0-911B-9E3D42CB15EE}.Release|Any CPU.ActiveCfg = Release|Any CPU
		{4A7A5175-ABD7-47E0-911B-9E3D42CB15EE}.Release|Any CPU.Build.0 = Release|Any CPU
	EndGlobalSection
EndGlobal
